// !$*UTF8*$!
{
	archiveVersion = 1;
	classes = {
	};
	objectVersion = 56;
	objects = {

/* Begin PBXBuildFile section */
		C9A91EE82DB2FC6200BE5CD3 /* MacrosView.swift in Sources */ = {isa = PBXBuildFile; fileRef = C9A91ED72DB2FC6200BE5CD3 /* MacrosView.swift */; };
		C9A91EE92DB2FC6200BE5CD3 /* CustomErrors.swift in Sources */ = {isa = PBXBuildFile; fileRef = C9A91ED22DB2FC6200BE5CD3 /* CustomErrors.swift */; };
		C9A91EEA2DB2FC6200BE5CD3 /* ViewModel.swift in Sources */ = {isa = PBXBuildFile; fileRef = C9A91EE62DB2FC6200BE5CD3 /* ViewModel.swift */; };
		C9A91EEB2DB2FC6200BE5CD3 /* NutrientsView.swift in Sources */ = {isa = PBXBuildFile; fileRef = C9A91ED92DB2FC6200BE5CD3 /* NutrientsView.swift */; };
		C9A91EEC2DB2FC6200BE5CD3 /* Nutrients.swift in Sources */ = {isa = PBXBuildFile; fileRef = C9A91ECB2DB2FC6200BE5CD3 /* Nutrients.swift */; };
		C9A91EED2DB2FC6200BE5CD3 /* Extensions.swift in Sources */ = {isa = PBXBuildFile; fileRef = C9A91ED32DB2FC6200BE5CD3 /* Extensions.swift */; };
		C9A91EEE2DB2FC6200BE5CD3 /* SelectedImageView.swift in Sources */ = {isa = PBXBuildFile; fileRef = C9A91EE42DB2FC6200BE5CD3 /* SelectedImageView.swift */; };
		C9A91EEF2DB2FC6200BE5CD3 /* ContentView.swift in Sources */ = {isa = PBXBuildFile; fileRef = C9A91EE02DB2FC6200BE5CD3 /* ContentView.swift */; };
		C9A91EF02DB2FC6200BE5CD3 /* ImagePicker.swift in Sources */ = {isa = PBXBuildFile; fileRef = C9A91EE12DB2FC6200BE5CD3 /* ImagePicker.swift */; };
		C9A91EF12DB2FC6200BE5CD3 /* CameraView.swift in Sources */ = {isa = PBXBuildFile; fileRef = C9A91EDF2DB2FC6200BE5CD3 /* CameraView.swift */; };
		C9A91EF22DB2FC6200BE5CD3 /* APIServices.swift in Sources */ = {isa = PBXBuildFile; fileRef = C9A91ED02DB2FC6200BE5CD3 /* APIServices.swift */; };
		C9A91EF32DB2FC6200BE5CD3 /* Camera.swift in Sources */ = {isa = PBXBuildFile; fileRef = C9A91EDE2DB2FC6200BE5CD3 /* Camera.swift */; };
		C9A91EF42DB2FC6200BE5CD3 /* ViewController.swift in Sources */ = {isa = PBXBuildFile; fileRef = C9A91EE52DB2FC6200BE5CD3 /* ViewController.swift */; };
		C9A91EF52DB2FC6200BE5CD3 /* MunchApp.swift in Sources */ = {isa = PBXBuildFile; fileRef = C9A91EE22DB2FC6200BE5CD3 /* MunchApp.swift */; };
		C9A91EF62DB2FC6200BE5CD3 /* MacrosVM.swift in Sources */ = {isa = PBXBuildFile; fileRef = C9A91ED82DB2FC6200BE5CD3 /* MacrosVM.swift */; };
		C9A91EF72DB2FC6200BE5CD3 /* PhotoCaptureView.swift in Sources */ = {isa = PBXBuildFile; fileRef = C9A91EE32DB2FC6200BE5CD3 /* PhotoCaptureView.swift */; };
		C9A91EF82DB2FC6200BE5CD3 /* ImageLoadView.swift in Sources */ = {isa = PBXBuildFile; fileRef = C9A91ED52DB2FC6200BE5CD3 /* ImageLoadView.swift */; };
		C9A91EF92DB2FC6200BE5CD3 /* BreakdownVM.swift in Sources */ = {isa = PBXBuildFile; fileRef = C9A91EDD2DB2FC6200BE5CD3 /* BreakdownVM.swift */; };
		C9A91EFA2DB2FC6200BE5CD3 /* Food.swift in Sources */ = {isa = PBXBuildFile; fileRef = C9A91ECA2DB2FC6200BE5CD3 /* Food.swift */; };
		C9A91EFB2DB2FC6200BE5CD3 /* ImageLoadVM.swift in Sources */ = {isa = PBXBuildFile; fileRef = C9A91ED62DB2FC6200BE5CD3 /* ImageLoadVM.swift */; };
		C9A91EFC2DB2FC6200BE5CD3 /* NutrientsVM.swift in Sources */ = {isa = PBXBuildFile; fileRef = C9A91EDA2DB2FC6200BE5CD3 /* NutrientsVM.swift */; };
		C9A91EFD2DB2FC6200BE5CD3 /* .gitignore in Resources */ = {isa = PBXBuildFile; fileRef = C9A91ECF2DB2FC6200BE5CD3 /* .gitignore */; };
		C9A91EFE2DB2FC6200BE5CD3 /* Preview Assets.xcassets in Resources */ = {isa = PBXBuildFile; fileRef = C9A91ECD2DB2FC6200BE5CD3 /* Preview Assets.xcassets */; };
		C9A91EFF2DB2FC6200BE5CD3 /* Assets.xcassets in Resources */ = {isa = PBXBuildFile; fileRef = C9A91EDC2DB2FC6200BE5CD3 /* Assets.xcassets */; };
		C9A91F002DB2FC6200BE5CD3 /* .gitignore in Resources */ = {isa = PBXBuildFile; fileRef = C9A91ECF2DB2FC6200BE5CD3 /* .gitignore */; };
		C9A91F012DB2FC6200BE5CD3 /* Preview Assets.xcassets in Resources */ = {isa = PBXBuildFile; fileRef = C9A91ECD2DB2FC6200BE5CD3 /* Preview Assets.xcassets */; };
		C9A91F022DB2FC6200BE5CD3 /* Assets.xcassets in Resources */ = {isa = PBXBuildFile; fileRef = C9A91EDC2DB2FC6200BE5CD3 /* Assets.xcassets */; };
		C9A91F032DB2FC6200BE5CD3 /* MacrosView.swift in Sources */ = {isa = PBXBuildFile; fileRef = C9A91ED72DB2FC6200BE5CD3 /* MacrosView.swift */; };
		C9A91F042DB2FC6200BE5CD3 /* CustomErrors.swift in Sources */ = {isa = PBXBuildFile; fileRef = C9A91ED22DB2FC6200BE5CD3 /* CustomErrors.swift */; };
		C9A91F052DB2FC6200BE5CD3 /* ViewModel.swift in Sources */ = {isa = PBXBuildFile; fileRef = C9A91EE62DB2FC6200BE5CD3 /* ViewModel.swift */; };
		C9A91F062DB2FC6200BE5CD3 /* NutrientsView.swift in Sources */ = {isa = PBXBuildFile; fileRef = C9A91ED92DB2FC6200BE5CD3 /* NutrientsView.swift */; };
		C9A91F072DB2FC6200BE5CD3 /* Nutrients.swift in Sources */ = {isa = PBXBuildFile; fileRef = C9A91ECB2DB2FC6200BE5CD3 /* Nutrients.swift */; };
		C9A91F082DB2FC6200BE5CD3 /* Extensions.swift in Sources */ = {isa = PBXBuildFile; fileRef = C9A91ED32DB2FC6200BE5CD3 /* Extensions.swift */; };
		C9A91F092DB2FC6200BE5CD3 /* SelectedImageView.swift in Sources */ = {isa = PBXBuildFile; fileRef = C9A91EE42DB2FC6200BE5CD3 /* SelectedImageView.swift */; };
		C9A91F0A2DB2FC6200BE5CD3 /* ContentView.swift in Sources */ = {isa = PBXBuildFile; fileRef = C9A91EE02DB2FC6200BE5CD3 /* ContentView.swift */; };
		C9A91F0B2DB2FC6200BE5CD3 /* ImagePicker.swift in Sources */ = {isa = PBXBuildFile; fileRef = C9A91EE12DB2FC6200BE5CD3 /* ImagePicker.swift */; };
		C9A91F0C2DB2FC6200BE5CD3 /* CameraView.swift in Sources */ = {isa = PBXBuildFile; fileRef = C9A91EDF2DB2FC6200BE5CD3 /* CameraView.swift */; };
		C9A91F0D2DB2FC6200BE5CD3 /* APIServices.swift in Sources */ = {isa = PBXBuildFile; fileRef = C9A91ED02DB2FC6200BE5CD3 /* APIServices.swift */; };
		C9A91F0E2DB2FC6200BE5CD3 /* Camera.swift in Sources */ = {isa = PBXBuildFile; fileRef = C9A91EDE2DB2FC6200BE5CD3 /* Camera.swift */; };
		C9A91F0F2DB2FC6200BE5CD3 /* ViewController.swift in Sources */ = {isa = PBXBuildFile; fileRef = C9A91EE52DB2FC6200BE5CD3 /* ViewController.swift */; };
		C9A91F102DB2FC6200BE5CD3 /* MunchApp.swift in Sources */ = {isa = PBXBuildFile; fileRef = C9A91EE22DB2FC6200BE5CD3 /* MunchApp.swift */; };
		C9A91F112DB2FC6200BE5CD3 /* MacrosVM.swift in Sources */ = {isa = PBXBuildFile; fileRef = C9A91ED82DB2FC6200BE5CD3 /* MacrosVM.swift */; };
		C9A91F122DB2FC6200BE5CD3 /* PhotoCaptureView.swift in Sources */ = {isa = PBXBuildFile; fileRef = C9A91EE32DB2FC6200BE5CD3 /* PhotoCaptureView.swift */; };
		C9A91F132DB2FC6200BE5CD3 /* ImageLoadView.swift in Sources */ = {isa = PBXBuildFile; fileRef = C9A91ED52DB2FC6200BE5CD3 /* ImageLoadView.swift */; };
		C9A91F142DB2FC6200BE5CD3 /* BreakdownVM.swift in Sources */ = {isa = PBXBuildFile; fileRef = C9A91EDD2DB2FC6200BE5CD3 /* BreakdownVM.swift */; };
		C9A91F152DB2FC6200BE5CD3 /* Food.swift in Sources */ = {isa = PBXBuildFile; fileRef = C9A91ECA2DB2FC6200BE5CD3 /* Food.swift */; };
		C9A91F162DB2FC6200BE5CD3 /* ImageLoadVM.swift in Sources */ = {isa = PBXBuildFile; fileRef = C9A91ED62DB2FC6200BE5CD3 /* ImageLoadVM.swift */; };
		C9A91F172DB2FC6200BE5CD3 /* NutrientsVM.swift in Sources */ = {isa = PBXBuildFile; fileRef = C9A91EDA2DB2FC6200BE5CD3 /* NutrientsVM.swift */; };
		C9A91F182DB2FC6200BE5CD3 /* .gitignore in Resources */ = {isa = PBXBuildFile; fileRef = C9A91ECF2DB2FC6200BE5CD3 /* .gitignore */; };
		C9A91F192DB2FC6200BE5CD3 /* Preview Assets.xcassets in Resources */ = {isa = PBXBuildFile; fileRef = C9A91ECD2DB2FC6200BE5CD3 /* Preview Assets.xcassets */; };
		C9A91F1A2DB2FC6200BE5CD3 /* Assets.xcassets in Resources */ = {isa = PBXBuildFile; fileRef = C9A91EDC2DB2FC6200BE5CD3 /* Assets.xcassets */; };
		C9A91F1B2DB2FC6200BE5CD3 /* MacrosView.swift in Sources */ = {isa = PBXBuildFile; fileRef = C9A91ED72DB2FC6200BE5CD3 /* MacrosView.swift */; };
		C9A91F1C2DB2FC6200BE5CD3 /* CustomErrors.swift in Sources */ = {isa = PBXBuildFile; fileRef = C9A91ED22DB2FC6200BE5CD3 /* CustomErrors.swift */; };
		C9A91F1D2DB2FC6200BE5CD3 /* ViewModel.swift in Sources */ = {isa = PBXBuildFile; fileRef = C9A91EE62DB2FC6200BE5CD3 /* ViewModel.swift */; };
		C9A91F1E2DB2FC6200BE5CD3 /* NutrientsView.swift in Sources */ = {isa = PBXBuildFile; fileRef = C9A91ED92DB2FC6200BE5CD3 /* NutrientsView.swift */; };
		C9A91F1F2DB2FC6200BE5CD3 /* Nutrients.swift in Sources */ = {isa = PBXBuildFile; fileRef = C9A91ECB2DB2FC6200BE5CD3 /* Nutrients.swift */; };
		C9A91F202DB2FC6200BE5CD3 /* Extensions.swift in Sources */ = {isa = PBXBuildFile; fileRef = C9A91ED32DB2FC6200BE5CD3 /* Extensions.swift */; };
		C9A91F212DB2FC6200BE5CD3 /* SelectedImageView.swift in Sources */ = {isa = PBXBuildFile; fileRef = C9A91EE42DB2FC6200BE5CD3 /* SelectedImageView.swift */; };
		C9A91F222DB2FC6200BE5CD3 /* ContentView.swift in Sources */ = {isa = PBXBuildFile; fileRef = C9A91EE02DB2FC6200BE5CD3 /* ContentView.swift */; };
		C9A91F232DB2FC6200BE5CD3 /* ImagePicker.swift in Sources */ = {isa = PBXBuildFile; fileRef = C9A91EE12DB2FC6200BE5CD3 /* ImagePicker.swift */; };
		C9A91F242DB2FC6200BE5CD3 /* CameraView.swift in Sources */ = {isa = PBXBuildFile; fileRef = C9A91EDF2DB2FC6200BE5CD3 /* CameraView.swift */; };
		C9A91F252DB2FC6200BE5CD3 /* APIServices.swift in Sources */ = {isa = PBXBuildFile; fileRef = C9A91ED02DB2FC6200BE5CD3 /* APIServices.swift */; };
		C9A91F262DB2FC6200BE5CD3 /* Camera.swift in Sources */ = {isa = PBXBuildFile; fileRef = C9A91EDE2DB2FC6200BE5CD3 /* Camera.swift */; };
		C9A91F272DB2FC6200BE5CD3 /* ViewController.swift in Sources */ = {isa = PBXBuildFile; fileRef = C9A91EE52DB2FC6200BE5CD3 /* ViewController.swift */; };
		C9A91F282DB2FC6200BE5CD3 /* MunchApp.swift in Sources */ = {isa = PBXBuildFile; fileRef = C9A91EE22DB2FC6200BE5CD3 /* MunchApp.swift */; };
		C9A91F292DB2FC6200BE5CD3 /* MacrosVM.swift in Sources */ = {isa = PBXBuildFile; fileRef = C9A91ED82DB2FC6200BE5CD3 /* MacrosVM.swift */; };
		C9A91F2A2DB2FC6200BE5CD3 /* PhotoCaptureView.swift in Sources */ = {isa = PBXBuildFile; fileRef = C9A91EE32DB2FC6200BE5CD3 /* PhotoCaptureView.swift */; };
		C9A91F2B2DB2FC6200BE5CD3 /* ImageLoadView.swift in Sources */ = {isa = PBXBuildFile; fileRef = C9A91ED52DB2FC6200BE5CD3 /* ImageLoadView.swift */; };
		C9A91F2C2DB2FC6200BE5CD3 /* BreakdownVM.swift in Sources */ = {isa = PBXBuildFile; fileRef = C9A91EDD2DB2FC6200BE5CD3 /* BreakdownVM.swift */; };
		C9A91F2D2DB2FC6200BE5CD3 /* Food.swift in Sources */ = {isa = PBXBuildFile; fileRef = C9A91ECA2DB2FC6200BE5CD3 /* Food.swift */; };
		C9A91F2E2DB2FC6200BE5CD3 /* ImageLoadVM.swift in Sources */ = {isa = PBXBuildFile; fileRef = C9A91ED62DB2FC6200BE5CD3 /* ImageLoadVM.swift */; };
		C9A91F2F2DB2FC6200BE5CD3 /* NutrientsVM.swift in Sources */ = {isa = PBXBuildFile; fileRef = C9A91EDA2DB2FC6200BE5CD3 /* NutrientsVM.swift */; };
/* End PBXBuildFile section */

/* Begin PBXContainerItemProxy section */
		B504D15A2AC8A5A400339F41 /* PBXContainerItemProxy */ = {
			isa = PBXContainerItemProxy;
			containerPortal = B504D1412AC8A5A200339F41 /* Project object */;
			proxyType = 1;
			remoteGlobalIDString = B504D1482AC8A5A200339F41;
			remoteInfo = Munch;
		};
		B504D1642AC8A5A400339F41 /* PBXContainerItemProxy */ = {
			isa = PBXContainerItemProxy;
			containerPortal = B504D1412AC8A5A200339F41 /* Project object */;
			proxyType = 1;
			remoteGlobalIDString = B504D1482AC8A5A200339F41;
			remoteInfo = Munch;
		};
/* End PBXContainerItemProxy section */

/* Begin PBXFileReference section */
		B504D1492AC8A5A200339F41 /* Munch.app */ = {isa = PBXFileReference; explicitFileType = wrapper.application; includeInIndex = 0; path = Munch.app; sourceTree = BUILT_PRODUCTS_DIR; };
		B504D1592AC8A5A400339F41 /* MunchTests.xctest */ = {isa = PBXFileReference; explicitFileType = wrapper.cfbundle; includeInIndex = 0; path = MunchTests.xctest; sourceTree = BUILT_PRODUCTS_DIR; };
		B504D1632AC8A5A400339F41 /* MunchUITests.xctest */ = {isa = PBXFileReference; explicitFileType = wrapper.cfbundle; includeInIndex = 0; path = MunchUITests.xctest; sourceTree = BUILT_PRODUCTS_DIR; };
		C9A91ECA2DB2FC6200BE5CD3 /* Food.swift */ = {isa = PBXFileReference; lastKnownFileType = sourcecode.swift; path = Food.swift; sourceTree = "<group>"; };
		C9A91ECB2DB2FC6200BE5CD3 /* Nutrients.swift */ = {isa = PBXFileReference; lastKnownFileType = sourcecode.swift; path = Nutrients.swift; sourceTree = "<group>"; };
		C9A91ECD2DB2FC6200BE5CD3 /* Preview Assets.xcassets */ = {isa = PBXFileReference; lastKnownFileType = folder.assetcatalog; path = "Preview Assets.xcassets"; sourceTree = "<group>"; };
		C9A91ECF2DB2FC6200BE5CD3 /* .gitignore */ = {isa = PBXFileReference; lastKnownFileType = text; path = .gitignore; sourceTree = "<group>"; };
		C9A91ED02DB2FC6200BE5CD3 /* APIServices.swift */ = {isa = PBXFileReference; lastKnownFileType = sourcecode.swift; path = APIServices.swift; sourceTree = "<group>"; };
		C9A91ED22DB2FC6200BE5CD3 /* CustomErrors.swift */ = {isa = PBXFileReference; lastKnownFileType = sourcecode.swift; path = CustomErrors.swift; sourceTree = "<group>"; };
		C9A91ED32DB2FC6200BE5CD3 /* Extensions.swift */ = {isa = PBXFileReference; lastKnownFileType = sourcecode.swift; path = Extensions.swift; sourceTree = "<group>"; };
		C9A91ED52DB2FC6200BE5CD3 /* ImageLoadView.swift */ = {isa = PBXFileReference; lastKnownFileType = sourcecode.swift; path = ImageLoadView.swift; sourceTree = "<group>"; };
		C9A91ED62DB2FC6200BE5CD3 /* ImageLoadVM.swift */ = {isa = PBXFileReference; lastKnownFileType = sourcecode.swift; path = ImageLoadVM.swift; sourceTree = "<group>"; };
		C9A91ED72DB2FC6200BE5CD3 /* MacrosView.swift */ = {isa = PBXFileReference; lastKnownFileType = sourcecode.swift; path = MacrosView.swift; sourceTree = "<group>"; };
		C9A91ED82DB2FC6200BE5CD3 /* MacrosVM.swift */ = {isa = PBXFileReference; lastKnownFileType = sourcecode.swift; path = MacrosVM.swift; sourceTree = "<group>"; };
		C9A91ED92DB2FC6200BE5CD3 /* NutrientsView.swift */ = {isa = PBXFileReference; lastKnownFileType = sourcecode.swift; path = NutrientsView.swift; sourceTree = "<group>"; };
		C9A91EDA2DB2FC6200BE5CD3 /* NutrientsVM.swift */ = {isa = PBXFileReference; lastKnownFileType = sourcecode.swift; path = NutrientsVM.swift; sourceTree = "<group>"; };
		C9A91EDC2DB2FC6200BE5CD3 /* Assets.xcassets */ = {isa = PBXFileReference; lastKnownFileType = folder.assetcatalog; path = Assets.xcassets; sourceTree = "<group>"; };
		C9A91EDD2DB2FC6200BE5CD3 /* BreakdownVM.swift */ = {isa = PBXFileReference; lastKnownFileType = sourcecode.swift; path = BreakdownVM.swift; sourceTree = "<group>"; };
		C9A91EDE2DB2FC6200BE5CD3 /* Camera.swift */ = {isa = PBXFileReference; lastKnownFileType = sourcecode.swift; path = Camera.swift; sourceTree = "<group>"; };
		C9A91EDF2DB2FC6200BE5CD3 /* CameraView.swift */ = {isa = PBXFileReference; lastKnownFileType = sourcecode.swift; path = CameraView.swift; sourceTree = "<group>"; };
		C9A91EE02DB2FC6200BE5CD3 /* ContentView.swift */ = {isa = PBXFileReference; lastKnownFileType = sourcecode.swift; path = ContentView.swift; sourceTree = "<group>"; };
		C9A91EE12DB2FC6200BE5CD3 /* ImagePicker.swift */ = {isa = PBXFileReference; lastKnownFileType = sourcecode.swift; path = ImagePicker.swift; sourceTree = "<group>"; };
		C9A91EE22DB2FC6200BE5CD3 /* MunchApp.swift */ = {isa = PBXFileReference; lastKnownFileType = sourcecode.swift; path = MunchApp.swift; sourceTree = "<group>"; };
		C9A91EE32DB2FC6200BE5CD3 /* PhotoCaptureView.swift */ = {isa = PBXFileReference; lastKnownFileType = sourcecode.swift; path = PhotoCaptureView.swift; sourceTree = "<group>"; };
		C9A91EE42DB2FC6200BE5CD3 /* SelectedImageView.swift */ = {isa = PBXFileReference; lastKnownFileType = sourcecode.swift; path = SelectedImageView.swift; sourceTree = "<group>"; };
		C9A91EE52DB2FC6200BE5CD3 /* ViewController.swift */ = {isa = PBXFileReference; lastKnownFileType = sourcecode.swift; path = ViewController.swift; sourceTree = "<group>"; };
		C9A91EE62DB2FC6200BE5CD3 /* ViewModel.swift */ = {isa = PBXFileReference; lastKnownFileType = sourcecode.swift; path = ViewModel.swift; sourceTree = "<group>"; };
/* End PBXFileReference section */

/* Begin PBXFrameworksBuildPhase section */
		B504D1462AC8A5A200339F41 /* Frameworks */ = {
			isa = PBXFrameworksBuildPhase;
			buildActionMask = 2147483647;
			files = (
			);
			runOnlyForDeploymentPostprocessing = 0;
		};
		B504D1562AC8A5A400339F41 /* Frameworks */ = {
			isa = PBXFrameworksBuildPhase;
			buildActionMask = 2147483647;
			files = (
			);
			runOnlyForDeploymentPostprocessing = 0;
		};
		B504D1602AC8A5A400339F41 /* Frameworks */ = {
			isa = PBXFrameworksBuildPhase;
			buildActionMask = 2147483647;
			files = (
			);
			runOnlyForDeploymentPostprocessing = 0;
		};
/* End PBXFrameworksBuildPhase section */

/* Begin PBXGroup section */
		B504D1402AC8A5A200339F41 = {
			isa = PBXGroup;
			children = (
				C9A91EE72DB2FC6200BE5CD3 /* NutriVision */,
				B504D14A2AC8A5A200339F41 /* Products */,
			);
			sourceTree = "<group>";
		};
		B504D14A2AC8A5A200339F41 /* Products */ = {
			isa = PBXGroup;
			children = (
				B504D1492AC8A5A200339F41 /* Munch.app */,
				B504D1592AC8A5A400339F41 /* MunchTests.xctest */,
				B504D1632AC8A5A400339F41 /* MunchUITests.xctest */,
			);
			name = Products;
			sourceTree = "<group>";
		};
		C9A91ECC2DB2FC6200BE5CD3 /* Model */ = {
			isa = PBXGroup;
			children = (
				C9A91ECA2DB2FC6200BE5CD3 /* Food.swift */,
				C9A91ECB2DB2FC6200BE5CD3 /* Nutrients.swift */,
			);
			path = Model;
			sourceTree = "<group>";
		};
		C9A91ECE2DB2FC6200BE5CD3 /* Preview Content */ = {
			isa = PBXGroup;
			children = (
				C9A91ECD2DB2FC6200BE5CD3 /* Preview Assets.xcassets */,
			);
			path = "Preview Content";
			sourceTree = "<group>";
		};
		C9A91ED12DB2FC6200BE5CD3 /* Services */ = {
			isa = PBXGroup;
			children = (
				C9A91ECF2DB2FC6200BE5CD3 /* .gitignore */,
				C9A91ED02DB2FC6200BE5CD3 /* APIServices.swift */,
			);
			path = Services;
			sourceTree = "<group>";
		};
		C9A91ED42DB2FC6200BE5CD3 /* Utility */ = {
			isa = PBXGroup;
			children = (
				C9A91ED22DB2FC6200BE5CD3 /* CustomErrors.swift */,
				C9A91ED32DB2FC6200BE5CD3 /* Extensions.swift */,
			);
			path = Utility;
			sourceTree = "<group>";
		};
		C9A91EDB2DB2FC6200BE5CD3 /* View */ = {
			isa = PBXGroup;
			children = (
				C9A91ED52DB2FC6200BE5CD3 /* ImageLoadView.swift */,
				C9A91ED62DB2FC6200BE5CD3 /* ImageLoadVM.swift */,
				C9A91ED72DB2FC6200BE5CD3 /* MacrosView.swift */,
				C9A91ED82DB2FC6200BE5CD3 /* MacrosVM.swift */,
				C9A91ED92DB2FC6200BE5CD3 /* NutrientsView.swift */,
				C9A91EDA2DB2FC6200BE5CD3 /* NutrientsVM.swift */,
			);
			path = View;
			sourceTree = "<group>";
		};
		C9A91EE72DB2FC6200BE5CD3 /* NutriVision */ = {
			isa = PBXGroup;
			children = (
				C9A91ECC2DB2FC6200BE5CD3 /* Model */,
				C9A91ECE2DB2FC6200BE5CD3 /* Preview Content */,
				C9A91ED12DB2FC6200BE5CD3 /* Services */,
				C9A91ED42DB2FC6200BE5CD3 /* Utility */,
				C9A91EDB2DB2FC6200BE5CD3 /* View */,
				C9A91EDC2DB2FC6200BE5CD3 /* Assets.xcassets */,
				C9A91EDD2DB2FC6200BE5CD3 /* BreakdownVM.swift */,
				C9A91EDE2DB2FC6200BE5CD3 /* Camera.swift */,
				C9A91EDF2DB2FC6200BE5CD3 /* CameraView.swift */,
				C9A91EE02DB2FC6200BE5CD3 /* ContentView.swift */,
				C9A91EE12DB2FC6200BE5CD3 /* ImagePicker.swift */,
				C9A91EE22DB2FC6200BE5CD3 /* MunchApp.swift */,
				C9A91EE32DB2FC6200BE5CD3 /* PhotoCaptureView.swift */,
				C9A91EE42DB2FC6200BE5CD3 /* SelectedImageView.swift */,
				C9A91EE52DB2FC6200BE5CD3 /* ViewController.swift */,
				C9A91EE62DB2FC6200BE5CD3 /* ViewModel.swift */,
			);
			path = NutriVision;
			sourceTree = "<group>";
		};
/* End PBXGroup section */

/* Begin PBXNativeTarget section */
		B504D1482AC8A5A200339F41 /* Munch */ = {
			isa = PBXNativeTarget;
			buildConfigurationList = B504D16D2AC8A5A400339F41 /* Build configuration list for PBXNativeTarget "Munch" */;
			buildPhases = (
				B504D1452AC8A5A200339F41 /* Sources */,
				B504D1462AC8A5A200339F41 /* Frameworks */,
				B504D1472AC8A5A200339F41 /* Resources */,
			);
			buildRules = (
			);
			dependencies = (
			);
			name = Munch;
			productName = Munch;
			productReference = B504D1492AC8A5A200339F41 /* Munch.app */;
			productType = "com.apple.product-type.application";
		};
		B504D1582AC8A5A400339F41 /* MunchTests */ = {
			isa = PBXNativeTarget;
			buildConfigurationList = B504D1702AC8A5A400339F41 /* Build configuration list for PBXNativeTarget "MunchTests" */;
			buildPhases = (
				B504D1552AC8A5A400339F41 /* Sources */,
				B504D1562AC8A5A400339F41 /* Frameworks */,
				B504D1572AC8A5A400339F41 /* Resources */,
			);
			buildRules = (
			);
			dependencies = (
				B504D15B2AC8A5A400339F41 /* PBXTargetDependency */,
			);
			name = MunchTests;
			productName = MunchTests;
			productReference = B504D1592AC8A5A400339F41 /* MunchTests.xctest */;
			productType = "com.apple.product-type.bundle.unit-test";
		};
		B504D1622AC8A5A400339F41 /* MunchUITests */ = {
			isa = PBXNativeTarget;
			buildConfigurationList = B504D1732AC8A5A400339F41 /* Build configuration list for PBXNativeTarget "MunchUITests" */;
			buildPhases = (
				B504D15F2AC8A5A400339F41 /* Sources */,
				B504D1602AC8A5A400339F41 /* Frameworks */,
				B504D1612AC8A5A400339F41 /* Resources */,
			);
			buildRules = (
			);
			dependencies = (
				B504D1652AC8A5A400339F41 /* PBXTargetDependency */,
			);
			name = MunchUITests;
			productName = MunchUITests;
			productReference = B504D1632AC8A5A400339F41 /* MunchUITests.xctest */;
			productType = "com.apple.product-type.bundle.ui-testing";
		};
/* End PBXNativeTarget section */

/* Begin PBXProject section */
		B504D1412AC8A5A200339F41 /* Project object */ = {
			isa = PBXProject;
			attributes = {
				BuildIndependentTargetsInParallel = 1;
				LastSwiftUpdateCheck = 1500;
				LastUpgradeCheck = 1500;
				TargetAttributes = {
					B504D1482AC8A5A200339F41 = {
						CreatedOnToolsVersion = 15.0;
					};
					B504D1582AC8A5A400339F41 = {
						CreatedOnToolsVersion = 15.0;
						TestTargetID = B504D1482AC8A5A200339F41;
					};
					B504D1622AC8A5A400339F41 = {
						CreatedOnToolsVersion = 15.0;
						TestTargetID = B504D1482AC8A5A200339F41;
					};
				};
			};
			buildConfigurationList = B504D1442AC8A5A200339F41 /* Build configuration list for PBXProject "NutriVision" */;
			compatibilityVersion = "Xcode 14.0";
			developmentRegion = en;
			hasScannedForEncodings = 0;
			knownRegions = (
				en,
				Base,
			);
			mainGroup = B504D1402AC8A5A200339F41;
			productRefGroup = B504D14A2AC8A5A200339F41 /* Products */;
			projectDirPath = "";
			projectRoot = "";
			targets = (
				B504D1482AC8A5A200339F41 /* Munch */,
				B504D1582AC8A5A400339F41 /* MunchTests */,
				B504D1622AC8A5A400339F41 /* MunchUITests */,
			);
		};
/* End PBXProject section */

/* Begin PBXResourcesBuildPhase section */
		B504D1472AC8A5A200339F41 /* Resources */ = {
			isa = PBXResourcesBuildPhase;
			buildActionMask = 2147483647;
			files = (
				C9A91F002DB2FC6200BE5CD3 /* .gitignore in Resources */,
				C9A91F012DB2FC6200BE5CD3 /* Preview Assets.xcassets in Resources */,
				C9A91F022DB2FC6200BE5CD3 /* Assets.xcassets in Resources */,
			);
			runOnlyForDeploymentPostprocessing = 0;
		};
		B504D1572AC8A5A400339F41 /* Resources */ = {
			isa = PBXResourcesBuildPhase;
			buildActionMask = 2147483647;
			files = (
				C9A91F182DB2FC6200BE5CD3 /* .gitignore in Resources */,
				C9A91F192DB2FC6200BE5CD3 /* Preview Assets.xcassets in Resources */,
				C9A91F1A2DB2FC6200BE5CD3 /* Assets.xcassets in Resources */,
			);
			runOnlyForDeploymentPostprocessing = 0;
		};
		B504D1612AC8A5A400339F41 /* Resources */ = {
			isa = PBXResourcesBuildPhase;
			buildActionMask = 2147483647;
			files = (
				C9A91EFD2DB2FC6200BE5CD3 /* .gitignore in Resources */,
				C9A91EFE2DB2FC6200BE5CD3 /* Preview Assets.xcassets in Resources */,
				C9A91EFF2DB2FC6200BE5CD3 /* Assets.xcassets in Resources */,
			);
			runOnlyForDeploymentPostprocessing = 0;
		};
/* End PBXResourcesBuildPhase section */

/* Begin PBXSourcesBuildPhase section */
		B504D1452AC8A5A200339F41 /* Sources */ = {
			isa = PBXSourcesBuildPhase;
			buildActionMask = 2147483647;
			files = (
				C9A91F032DB2FC6200BE5CD3 /* MacrosView.swift in Sources */,
				C9A91F042DB2FC6200BE5CD3 /* CustomErrors.swift in Sources */,
				C9A91F052DB2FC6200BE5CD3 /* ViewModel.swift in Sources */,
				C9A91F062DB2FC6200BE5CD3 /* NutrientsView.swift in Sources */,
				C9A91F072DB2FC6200BE5CD3 /* Nutrients.swift in Sources */,
				C9A91F082DB2FC6200BE5CD3 /* Extensions.swift in Sources */,
				C9A91F092DB2FC6200BE5CD3 /* SelectedImageView.swift in Sources */,
				C9A91F0A2DB2FC6200BE5CD3 /* ContentView.swift in Sources */,
				C9A91F0B2DB2FC6200BE5CD3 /* ImagePicker.swift in Sources */,
				C9A91F0C2DB2FC6200BE5CD3 /* CameraView.swift in Sources */,
				C9A91F0D2DB2FC6200BE5CD3 /* APIServices.swift in Sources */,
				C9A91F0E2DB2FC6200BE5CD3 /* Camera.swift in Sources */,
				C9A91F0F2DB2FC6200BE5CD3 /* ViewController.swift in Sources */,
				C9A91F102DB2FC6200BE5CD3 /* MunchApp.swift in Sources */,
				C9A91F112DB2FC6200BE5CD3 /* MacrosVM.swift in Sources */,
				C9A91F122DB2FC6200BE5CD3 /* PhotoCaptureView.swift in Sources */,
				C9A91F132DB2FC6200BE5CD3 /* ImageLoadView.swift in Sources */,
				C9A91F142DB2FC6200BE5CD3 /* BreakdownVM.swift in Sources */,
				C9A91F152DB2FC6200BE5CD3 /* Food.swift in Sources */,
				C9A91F162DB2FC6200BE5CD3 /* ImageLoadVM.swift in Sources */,
				C9A91F172DB2FC6200BE5CD3 /* NutrientsVM.swift in Sources */,
			);
			runOnlyForDeploymentPostprocessing = 0;
		};
		B504D1552AC8A5A400339F41 /* Sources */ = {
			isa = PBXSourcesBuildPhase;
			buildActionMask = 2147483647;
			files = (
				C9A91F1B2DB2FC6200BE5CD3 /* MacrosView.swift in Sources */,
				C9A91F1C2DB2FC6200BE5CD3 /* CustomErrors.swift in Sources */,
				C9A91F1D2DB2FC6200BE5CD3 /* ViewModel.swift in Sources */,
				C9A91F1E2DB2FC6200BE5CD3 /* NutrientsView.swift in Sources */,
				C9A91F1F2DB2FC6200BE5CD3 /* Nutrients.swift in Sources */,
				C9A91F202DB2FC6200BE5CD3 /* Extensions.swift in Sources */,
				C9A91F212DB2FC6200BE5CD3 /* SelectedImageView.swift in Sources */,
				C9A91F222DB2FC6200BE5CD3 /* ContentView.swift in Sources */,
				C9A91F232DB2FC6200BE5CD3 /* ImagePicker.swift in Sources */,
				C9A91F242DB2FC6200BE5CD3 /* CameraView.swift in Sources */,
				C9A91F252DB2FC6200BE5CD3 /* APIServices.swift in Sources */,
				C9A91F262DB2FC6200BE5CD3 /* Camera.swift in Sources */,
				C9A91F272DB2FC6200BE5CD3 /* ViewController.swift in Sources */,
				C9A91F282DB2FC6200BE5CD3 /* MunchApp.swift in Sources */,
				C9A91F292DB2FC6200BE5CD3 /* MacrosVM.swift in Sources */,
				C9A91F2A2DB2FC6200BE5CD3 /* PhotoCaptureView.swift in Sources */,
				C9A91F2B2DB2FC6200BE5CD3 /* ImageLoadView.swift in Sources */,
				C9A91F2C2DB2FC6200BE5CD3 /* BreakdownVM.swift in Sources */,
				C9A91F2D2DB2FC6200BE5CD3 /* Food.swift in Sources */,
				C9A91F2E2DB2FC6200BE5CD3 /* ImageLoadVM.swift in Sources */,
				C9A91F2F2DB2FC6200BE5CD3 /* NutrientsVM.swift in Sources */,
			);
			runOnlyForDeploymentPostprocessing = 0;
		};
		B504D15F2AC8A5A400339F41 /* Sources */ = {
			isa = PBXSourcesBuildPhase;
			buildActionMask = 2147483647;
			files = (
				C9A91EE82DB2FC6200BE5CD3 /* MacrosView.swift in Sources */,
				C9A91EE92DB2FC6200BE5CD3 /* CustomErrors.swift in Sources */,
				C9A91EEA2DB2FC6200BE5CD3 /* ViewModel.swift in Sources */,
				C9A91EEB2DB2FC6200BE5CD3 /* NutrientsView.swift in Sources */,
				C9A91EEC2DB2FC6200BE5CD3 /* Nutrients.swift in Sources */,
				C9A91EED2DB2FC6200BE5CD3 /* Extensions.swift in Sources */,
				C9A91EEE2DB2FC6200BE5CD3 /* SelectedImageView.swift in Sources */,
				C9A91EEF2DB2FC6200BE5CD3 /* ContentView.swift in Sources */,
				C9A91EF02DB2FC6200BE5CD3 /* ImagePicker.swift in Sources */,
				C9A91EF12DB2FC6200BE5CD3 /* CameraView.swift in Sources */,
				C9A91EF22DB2FC6200BE5CD3 /* APIServices.swift in Sources */,
				C9A91EF32DB2FC6200BE5CD3 /* Camera.swift in Sources */,
				C9A91EF42DB2FC6200BE5CD3 /* ViewController.swift in Sources */,
				C9A91EF52DB2FC6200BE5CD3 /* MunchApp.swift in Sources */,
				C9A91EF62DB2FC6200BE5CD3 /* MacrosVM.swift in Sources */,
				C9A91EF72DB2FC6200BE5CD3 /* PhotoCaptureView.swift in Sources */,
				C9A91EF82DB2FC6200BE5CD3 /* ImageLoadView.swift in Sources */,
				C9A91EF92DB2FC6200BE5CD3 /* BreakdownVM.swift in Sources */,
				C9A91EFA2DB2FC6200BE5CD3 /* Food.swift in Sources */,
				C9A91EFB2DB2FC6200BE5CD3 /* ImageLoadVM.swift in Sources */,
				C9A91EFC2DB2FC6200BE5CD3 /* NutrientsVM.swift in Sources */,
			);
			runOnlyForDeploymentPostprocessing = 0;
		};
/* End PBXSourcesBuildPhase section */

/* Begin PBXTargetDependency section */
		B504D15B2AC8A5A400339F41 /* PBXTargetDependency */ = {
			isa = PBXTargetDependency;
			target = B504D1482AC8A5A200339F41 /* Munch */;
			targetProxy = B504D15A2AC8A5A400339F41 /* PBXContainerItemProxy */;
		};
		B504D1652AC8A5A400339F41 /* PBXTargetDependency */ = {
			isa = PBXTargetDependency;
			target = B504D1482AC8A5A200339F41 /* Munch */;
			targetProxy = B504D1642AC8A5A400339F41 /* PBXContainerItemProxy */;
		};
/* End PBXTargetDependency section */

/* Begin XCBuildConfiguration section */
		B504D16B2AC8A5A400339F41 /* Debug */ = {
			isa = XCBuildConfiguration;
			buildSettings = {
				ALWAYS_SEARCH_USER_PATHS = NO;
				ASSETCATALOG_COMPILER_GENERATE_SWIFT_ASSET_SYMBOL_EXTENSIONS = YES;
				CLANG_ANALYZER_NONNULL = YES;
				CLANG_ANALYZER_NUMBER_OBJECT_CONVERSION = YES_AGGRESSIVE;
				CLANG_CXX_LANGUAGE_STANDARD = "gnu++20";
				CLANG_ENABLE_MODULES = YES;
				CLANG_ENABLE_OBJC_ARC = YES;
				CLANG_ENABLE_OBJC_WEAK = YES;
				CLANG_WARN_BLOCK_CAPTURE_AUTORELEASING = YES;
				CLANG_WARN_BOOL_CONVERSION = YES;
				CLANG_WARN_COMMA = YES;
				CLANG_WARN_CONSTANT_CONVERSION = YES;
				CLANG_WARN_DEPRECATED_OBJC_IMPLEMENTATIONS = YES;
				CLANG_WARN_DIRECT_OBJC_ISA_USAGE = YES_ERROR;
				CLANG_WARN_DOCUMENTATION_COMMENTS = YES;
				CLANG_WARN_EMPTY_BODY = YES;
				CLANG_WARN_ENUM_CONVERSION = YES;
				CLANG_WARN_INFINITE_RECURSION = YES;
				CLANG_WARN_INT_CONVERSION = YES;
				CLANG_WARN_NON_LITERAL_NULL_CONVERSION = YES;
				CLANG_WARN_OBJC_IMPLICIT_RETAIN_SELF = YES;
				CLANG_WARN_OBJC_LITERAL_CONVERSION = YES;
				CLANG_WARN_OBJC_ROOT_CLASS = YES_ERROR;
				CLANG_WARN_QUOTED_INCLUDE_IN_FRAMEWORK_HEADER = YES;
				CLANG_WARN_RANGE_LOOP_ANALYSIS = YES;
				CLANG_WARN_STRICT_PROTOTYPES = YES;
				CLANG_WARN_SUSPICIOUS_MOVE = YES;
				CLANG_WARN_UNGUARDED_AVAILABILITY = YES_AGGRESSIVE;
				CLANG_WARN_UNREACHABLE_CODE = YES;
				CLANG_WARN__DUPLICATE_METHOD_MATCH = YES;
				COPY_PHASE_STRIP = NO;
				DEBUG_INFORMATION_FORMAT = dwarf;
				ENABLE_STRICT_OBJC_MSGSEND = YES;
				ENABLE_TESTABILITY = YES;
				ENABLE_USER_SCRIPT_SANDBOXING = YES;
				GCC_C_LANGUAGE_STANDARD = gnu17;
				GCC_DYNAMIC_NO_PIC = NO;
				GCC_NO_COMMON_BLOCKS = YES;
				GCC_OPTIMIZATION_LEVEL = 0;
				GCC_PREPROCESSOR_DEFINITIONS = (
					"DEBUG=1",
					"$(inherited)",
				);
				GCC_WARN_64_TO_32_BIT_CONVERSION = YES;
				GCC_WARN_ABOUT_RETURN_TYPE = YES_ERROR;
				GCC_WARN_UNDECLARED_SELECTOR = YES;
				GCC_WARN_UNINITIALIZED_AUTOS = YES_AGGRESSIVE;
				GCC_WARN_UNUSED_FUNCTION = YES;
				GCC_WARN_UNUSED_VARIABLE = YES;
				IPHONEOS_DEPLOYMENT_TARGET = 17.0;
				LOCALIZATION_PREFERS_STRING_CATALOGS = YES;
				MTL_ENABLE_DEBUG_INFO = INCLUDE_SOURCE;
				MTL_FAST_MATH = YES;
				ONLY_ACTIVE_ARCH = YES;
				SDKROOT = iphoneos;
				SWIFT_ACTIVE_COMPILATION_CONDITIONS = "DEBUG $(inherited)";
				SWIFT_OPTIMIZATION_LEVEL = "-Onone";
			};
			name = Debug;
		};
		B504D16C2AC8A5A400339F41 /* Release */ = {
			isa = XCBuildConfiguration;
			buildSettings = {
				ALWAYS_SEARCH_USER_PATHS = NO;
				ASSETCATALOG_COMPILER_GENERATE_SWIFT_ASSET_SYMBOL_EXTENSIONS = YES;
				CLANG_ANALYZER_NONNULL = YES;
				CLANG_ANALYZER_NUMBER_OBJECT_CONVERSION = YES_AGGRESSIVE;
				CLANG_CXX_LANGUAGE_STANDARD = "gnu++20";
				CLANG_ENABLE_MODULES = YES;
				CLANG_ENABLE_OBJC_ARC = YES;
				CLANG_ENABLE_OBJC_WEAK = YES;
				CLANG_WARN_BLOCK_CAPTURE_AUTORELEASING = YES;
				CLANG_WARN_BOOL_CONVERSION = YES;
				CLANG_WARN_COMMA = YES;
				CLANG_WARN_CONSTANT_CONVERSION = YES;
				CLANG_WARN_DEPRECATED_OBJC_IMPLEMENTATIONS = YES;
				CLANG_WARN_DIRECT_OBJC_ISA_USAGE = YES_ERROR;
				CLANG_WARN_DOCUMENTATION_COMMENTS = YES;
				CLANG_WARN_EMPTY_BODY = YES;
				CLANG_WARN_ENUM_CONVERSION = YES;
				CLANG_WARN_INFINITE_RECURSION = YES;
				CLANG_WARN_INT_CONVERSION = YES;
				CLANG_WARN_NON_LITERAL_NULL_CONVERSION = YES;
				CLANG_WARN_OBJC_IMPLICIT_RETAIN_SELF = YES;
				CLANG_WARN_OBJC_LITERAL_CONVERSION = YES;
				CLANG_WARN_OBJC_ROOT_CLASS = YES_ERROR;
				CLANG_WARN_QUOTED_INCLUDE_IN_FRAMEWORK_HEADER = YES;
				CLANG_WARN_RANGE_LOOP_ANALYSIS = YES;
				CLANG_WARN_STRICT_PROTOTYPES = YES;
				CLANG_WARN_SUSPICIOUS_MOVE = YES;
				CLANG_WARN_UNGUARDED_AVAILABILITY = YES_AGGRESSIVE;
				CLANG_WARN_UNREACHABLE_CODE = YES;
				CLANG_WARN__DUPLICATE_METHOD_MATCH = YES;
				COPY_PHASE_STRIP = NO;
				DEBUG_INFORMATION_FORMAT = "dwarf-with-dsym";
				ENABLE_NS_ASSERTIONS = NO;
				ENABLE_STRICT_OBJC_MSGSEND = YES;
				ENABLE_USER_SCRIPT_SANDBOXING = YES;
				GCC_C_LANGUAGE_STANDARD = gnu17;
				GCC_NO_COMMON_BLOCKS = YES;
				GCC_WARN_64_TO_32_BIT_CONVERSION = YES;
				GCC_WARN_ABOUT_RETURN_TYPE = YES_ERROR;
				GCC_WARN_UNDECLARED_SELECTOR = YES;
				GCC_WARN_UNINITIALIZED_AUTOS = YES_AGGRESSIVE;
				GCC_WARN_UNUSED_FUNCTION = YES;
				GCC_WARN_UNUSED_VARIABLE = YES;
				IPHONEOS_DEPLOYMENT_TARGET = 17.0;
				LOCALIZATION_PREFERS_STRING_CATALOGS = YES;
				MTL_ENABLE_DEBUG_INFO = NO;
				MTL_FAST_MATH = YES;
				SDKROOT = iphoneos;
				SWIFT_COMPILATION_MODE = wholemodule;
				VALIDATE_PRODUCT = YES;
			};
			name = Release;
		};
		B504D16E2AC8A5A400339F41 /* Debug */ = {
			isa = XCBuildConfiguration;
			buildSettings = {
				ASSETCATALOG_COMPILER_APPICON_NAME = AppIcon;
				ASSETCATALOG_COMPILER_GLOBAL_ACCENT_COLOR_NAME = AccentColor;
				CODE_SIGN_STYLE = Automatic;
				CURRENT_PROJECT_VERSION = 1;
				DEVELOPMENT_ASSET_PATHS = "\"Munch/Preview Content\"";
				DEVELOPMENT_TEAM = 4F4366YM63;
				ENABLE_PREVIEWS = YES;
				GENERATE_INFOPLIST_FILE = YES;
				INFOPLIST_KEY_NSCameraUsageDescription = "";
				INFOPLIST_KEY_UIApplicationSceneManifest_Generation = YES;
				INFOPLIST_KEY_UIApplicationSupportsIndirectInputEvents = YES;
				INFOPLIST_KEY_UILaunchScreen_Generation = YES;
				INFOPLIST_KEY_UISupportedInterfaceOrientations_iPad = "UIInterfaceOrientationPortrait UIInterfaceOrientationPortraitUpsideDown UIInterfaceOrientationLandscapeLeft UIInterfaceOrientationLandscapeRight";
				INFOPLIST_KEY_UISupportedInterfaceOrientations_iPhone = "UIInterfaceOrientationPortrait UIInterfaceOrientationLandscapeLeft UIInterfaceOrientationLandscapeRight";
				IPHONEOS_DEPLOYMENT_TARGET = 15.0;
				LD_RUNPATH_SEARCH_PATHS = (
					"$(inherited)",
					"@executable_path/Frameworks",
				);
				MARKETING_VERSION = 1.0;
				PRODUCT_BUNDLE_IDENTIFIER = com.CornellDataScience.Munch1;
				PRODUCT_NAME = "$(TARGET_NAME)";
				SWIFT_EMIT_LOC_STRINGS = YES;
				SWIFT_VERSION = 5.0;
				TARGETED_DEVICE_FAMILY = 1;
			};
			name = Debug;
		};
		B504D16F2AC8A5A400339F41 /* Release */ = {
			isa = XCBuildConfiguration;
			buildSettings = {
				ASSETCATALOG_COMPILER_APPICON_NAME = AppIcon;
				ASSETCATALOG_COMPILER_GLOBAL_ACCENT_COLOR_NAME = AccentColor;
				CODE_SIGN_STYLE = Automatic;
				CURRENT_PROJECT_VERSION = 1;
				DEVELOPMENT_ASSET_PATHS = "\"Munch/Preview Content\"";
				DEVELOPMENT_TEAM = 4F4366YM63;
				ENABLE_PREVIEWS = YES;
				GENERATE_INFOPLIST_FILE = YES;
				INFOPLIST_KEY_NSCameraUsageDescription = "";
				INFOPLIST_KEY_UIApplicationSceneManifest_Generation = YES;
				INFOPLIST_KEY_UIApplicationSupportsIndirectInputEvents = YES;
				INFOPLIST_KEY_UILaunchScreen_Generation = YES;
				INFOPLIST_KEY_UISupportedInterfaceOrientations_iPad = "UIInterfaceOrientationPortrait UIInterfaceOrientationPortraitUpsideDown UIInterfaceOrientationLandscapeLeft UIInterfaceOrientationLandscapeRight";
				INFOPLIST_KEY_UISupportedInterfaceOrientations_iPhone = "UIInterfaceOrientationPortrait UIInterfaceOrientationLandscapeLeft UIInterfaceOrientationLandscapeRight";
				IPHONEOS_DEPLOYMENT_TARGET = 15.0;
				LD_RUNPATH_SEARCH_PATHS = (
					"$(inherited)",
					"@executable_path/Frameworks",
				);
				MARKETING_VERSION = 1.0;
				PRODUCT_BUNDLE_IDENTIFIER = com.CornellDataScience.Munch1;
				PRODUCT_NAME = "$(TARGET_NAME)";
				SWIFT_EMIT_LOC_STRINGS = YES;
				SWIFT_VERSION = 5.0;
				TARGETED_DEVICE_FAMILY = 1;
			};
			name = Release;
		};
		B504D1712AC8A5A400339F41 /* Debug */ = {
			isa = XCBuildConfiguration;
			buildSettings = {
				BUNDLE_LOADER = "$(TEST_HOST)";
				CODE_SIGN_STYLE = Automatic;
				CURRENT_PROJECT_VERSION = 1;
				GENERATE_INFOPLIST_FILE = YES;
				IPHONEOS_DEPLOYMENT_TARGET = 17.0;
				MARKETING_VERSION = 1.0;
				PRODUCT_BUNDLE_IDENTIFIER = com.CornellDataScience.MunchTests;
				PRODUCT_NAME = "$(TARGET_NAME)";
				SWIFT_EMIT_LOC_STRINGS = NO;
				SWIFT_VERSION = 5.0;
				TARGETED_DEVICE_FAMILY = "1,2";
				TEST_HOST = "$(BUILT_PRODUCTS_DIR)/Munch.app/$(BUNDLE_EXECUTABLE_FOLDER_PATH)/Munch";
			};
			name = Debug;
		};
		B504D1722AC8A5A400339F41 /* Release */ = {
			isa = XCBuildConfiguration;
			buildSettings = {
				BUNDLE_LOADER = "$(TEST_HOST)";
				CODE_SIGN_STYLE = Automatic;
				CURRENT_PROJECT_VERSION = 1;
				GENERATE_INFOPLIST_FILE = YES;
				IPHONEOS_DEPLOYMENT_TARGET = 17.0;
				MARKETING_VERSION = 1.0;
				PRODUCT_BUNDLE_IDENTIFIER = com.CornellDataScience.MunchTests;
				PRODUCT_NAME = "$(TARGET_NAME)";
				SWIFT_EMIT_LOC_STRINGS = NO;
				SWIFT_VERSION = 5.0;
				TARGETED_DEVICE_FAMILY = "1,2";
				TEST_HOST = "$(BUILT_PRODUCTS_DIR)/Munch.app/$(BUNDLE_EXECUTABLE_FOLDER_PATH)/Munch";
			};
			name = Release;
		};
		B504D1742AC8A5A400339F41 /* Debug */ = {
			isa = XCBuildConfiguration;
			buildSettings = {
				CODE_SIGN_STYLE = Automatic;
				CURRENT_PROJECT_VERSION = 1;
				GENERATE_INFOPLIST_FILE = YES;
				MARKETING_VERSION = 1.0;
				PRODUCT_BUNDLE_IDENTIFIER = com.CornellDataScience.MunchUITests;
				PRODUCT_NAME = "$(TARGET_NAME)";
				SWIFT_EMIT_LOC_STRINGS = NO;
				SWIFT_VERSION = 5.0;
				TARGETED_DEVICE_FAMILY = "1,2";
				TEST_TARGET_NAME = Munch;
			};
			name = Debug;
		};
		B504D1752AC8A5A400339F41 /* Release */ = {
			isa = XCBuildConfiguration;
			buildSettings = {
				CODE_SIGN_STYLE = Automatic;
				CURRENT_PROJECT_VERSION = 1;
				GENERATE_INFOPLIST_FILE = YES;
				MARKETING_VERSION = 1.0;
				PRODUCT_BUNDLE_IDENTIFIER = com.CornellDataScience.MunchUITests;
				PRODUCT_NAME = "$(TARGET_NAME)";
				SWIFT_EMIT_LOC_STRINGS = NO;
				SWIFT_VERSION = 5.0;
				TARGETED_DEVICE_FAMILY = "1,2";
				TEST_TARGET_NAME = Munch;
			};
			name = Release;
		};
/* End XCBuildConfiguration section */

/* Begin XCConfigurationList section */
		B504D1442AC8A5A200339F41 /* Build configuration list for PBXProject "NutriVision" */ = {
			isa = XCConfigurationList;
			buildConfigurations = (
				B504D16B2AC8A5A400339F41 /* Debug */,
				B504D16C2AC8A5A400339F41 /* Release */,
			);
			defaultConfigurationIsVisible = 0;
			defaultConfigurationName = Release;
		};
		B504D16D2AC8A5A400339F41 /* Build configuration list for PBXNativeTarget "Munch" */ = {
			isa = XCConfigurationList;
			buildConfigurations = (
				B504D16E2AC8A5A400339F41 /* Debug */,
				B504D16F2AC8A5A400339F41 /* Release */,
			);
			defaultConfigurationIsVisible = 0;
			defaultConfigurationName = Release;
		};
		B504D1702AC8A5A400339F41 /* Build configuration list for PBXNativeTarget "MunchTests" */ = {
			isa = XCConfigurationList;
			buildConfigurations = (
				B504D1712AC8A5A400339F41 /* Debug */,
				B504D1722AC8A5A400339F41 /* Release */,
			);
			defaultConfigurationIsVisible = 0;
			defaultConfigurationName = Release;
		};
		B504D1732AC8A5A400339F41 /* Build configuration list for PBXNativeTarget "MunchUITests" */ = {
			isa = XCConfigurationList;
			buildConfigurations = (
				B504D1742AC8A5A400339F41 /* Debug */,
				B504D1752AC8A5A400339F41 /* Release */,
			);
			defaultConfigurationIsVisible = 0;
			defaultConfigurationName = Release;
		};
/* End XCConfigurationList section */
	};
	rootObject = B504D1412AC8A5A200339F41 /* Project object */;
}
